
Microsoft Visual Studio Solution File, Format Version 12.00
# Visual Studio Version 16
VisualStudioVersion = 16.0.30011.22
MinimumVisualStudioVersion = 10.0.40219.1
Project("{9A19103F-16F7-4668-BE54-9A1E7A4F7556}") = "MyGpuWork", "MyGpuWork\MyGpuWork.csproj", "{6BA87396-95ED-4449-9192-AC4C514464DB}"
EndProject
Project("{FAE04EC0-301F-11D3-BF4B-00C04F79EFBC}") = "AleaGpuWork", "AleaGpuWork\AleaGpuWork.csproj", "{0CCEB6E3-773C-45CE-B7A5-064A9AA9309A}"
EndProject
Global
	GlobalSection(SolutionConfigurationPlatforms) = preSolution
		Debug|Any CPU = Debug|Any CPU
		Release|Any CPU = Release|Any CPU
	EndGlobalSection
	GlobalSection(ProjectConfigurationPlatforms) = postSolution
		{6BA87396-95ED-4449-9192-AC4C514464DB}.Debug|Any CPU.ActiveCfg = Debug|Any CPU
		{6BA87396-95ED-4449-9192-AC4C514464DB}.Debug|Any CPU.Build.0 = Debug|Any CPU
		{6BA87396-95ED-4449-9192-AC4C514464DB}.Release|Any CPU.ActiveCfg = Release|Any CPU
		{6BA87396-95ED-4449-9192-AC4C514464DB}.Release|Any CPU.Build.0 = Release|Any CPU
		{0CCEB6E3-773C-45CE-B7A5-064A9AA9309A}.Debug|Any CPU.ActiveCfg = Debug|Any CPU
		{0CCEB6E3-773C-45CE-B7A5-064A9AA9309A}.Debug|Any CPU.Build.0 = Debug|Any CPU
		{0CCEB6E3-773C-45CE-B7A5-064A9AA9309A}.Release|Any CPU.ActiveCfg = Release|Any CPU
		{0CCEB6E3-773C-45CE-B7A5-064A9AA9309A}.Release|Any CPU.Build.0 = Release|Any CPU
	EndGlobalSection
	GlobalSection(SolutionProperties) = preSolution
		HideSolutionNode = FALSE
	EndGlobalSection
	GlobalSection(ExtensibilityGlobals) = postSolution
		SolutionGuid = {F96D9C0C-F182-4DBB-929A-BD2812CDC6D3}
	EndGlobalSection
EndGlobal
